
Microsoft Visual Studio Solution File, Format Version 12.00
# Visual Studio Version 16
VisualStudioVersion = 16.0.31702.278
MinimumVisualStudioVersion = 10.0.40219.1
Project("{FAE04EC0-301F-11D3-BF4B-00C04F79EFBC}") = "MovieList", "MovieList\MovieList.csproj", "{A97E3CCB-59AA-4ED8-9C11-FB93C7F5FDBE}"
EndProject
Global
	GlobalSection(SolutionConfigurationPlatforms) = preSolution
		Debug|Any CPU = Debug|Any CPU
		Release|Any CPU = Release|Any CPU
	EndGlobalSection
	GlobalSection(ProjectConfigurationPlatforms) = postSolution
		{A97E3CCB-59AA-4ED8-9C11-FB93C7F5FDBE}.Debug|Any CPU.ActiveCfg = Debug|Any CPU
		{A97E3CCB-59AA-4ED8-9C11-FB93C7F5FDBE}.Debug|Any CPU.Build.0 = Debug|Any CPU
		{A97E3CCB-59AA-4ED8-9C11-FB93C7F5FDBE}.Release|Any CPU.ActiveCfg = Release|Any CPU
		{A97E3CCB-59AA-4ED8-9C11-FB93C7F5FDBE}.Release|Any CPU.Build.0 = Release|Any CPU
	EndGlobalSection
	GlobalSection(SolutionProperties) = preSolution
		HideSolutionNode = FALSE
	EndGlobalSection
	GlobalSection(ExtensibilityGlobals) = postSolution
		SolutionGuid = {C791BFCF-AC1D-489D-8A5F-FFAF0B2C5523}
	EndGlobalSection
EndGlobal
